
Microsoft Visual Studio Solution File, Format Version 12.00
# Visual Studio 15
VisualStudioVersion = 15.0.28307.421
MinimumVisualStudioVersion = 10.0.40219.1
Project("{FAE04EC0-301F-11D3-BF4B-00C04F79EFBC}") = "DataBase_Uni", "DataBase_Uni\DataBase_Uni.csproj", "{BE314ED1-9F14-4805-89EB-74E768DEA3FD}"
EndProject
Global
	GlobalSection(SolutionConfigurationPlatforms) = preSolution
		Debug|Any CPU = Debug|Any CPU
		Release|Any CPU = Release|Any CPU
	EndGlobalSection
	GlobalSection(ProjectConfigurationPlatforms) = postSolution
		{BE314ED1-9F14-4805-89EB-74E768DEA3FD}.Debug|Any CPU.ActiveCfg = Debug|Any CPU
		{BE314ED1-9F14-4805-89EB-74E768DEA3FD}.Debug|Any CPU.Build.0 = Debug|Any CPU
		{BE314ED1-9F14-4805-89EB-74E768DEA3FD}.Release|Any CPU.ActiveCfg = Release|Any CPU
		{BE314ED1-9F14-4805-89EB-74E768DEA3FD}.Release|Any CPU.Build.0 = Release|Any CPU
	EndGlobalSection
	GlobalSection(SolutionProperties) = preSolution
		HideSolutionNode = FALSE
	EndGlobalSection
	GlobalSection(ExtensibilityGlobals) = postSolution
		SolutionGuid = {D070C91A-5108-4F3F-AC47-F9AC566B52A3}
	EndGlobalSection
EndGlobal
